
Microsoft Visual Studio Solution File, Format Version 12.00
# Visual Studio Version 17
VisualStudioVersion = 17.5.002.0
MinimumVisualStudioVersion = 10.0.40219.1
Project("{9A19103F-16F7-4668-BE54-9A1E7A4F7556}") = "StudentService", "StudentService.csproj", "{A8AEB1C9-BAC3-4463-8B52-A94BC1834946}"
EndProject
Global
	GlobalSection(SolutionConfigurationPlatforms) = preSolution
		Debug|Any CPU = Debug|Any CPU
		Release|Any CPU = Release|Any CPU
	EndGlobalSection
	GlobalSection(ProjectConfigurationPlatforms) = postSolution
		{A8AEB1C9-BAC3-4463-8B52-A94BC1834946}.Debug|Any CPU.ActiveCfg = Debug|Any CPU
		{A8AEB1C9-BAC3-4463-8B52-A94BC1834946}.Debug|Any CPU.Build.0 = Debug|Any CPU
		{A8AEB1C9-BAC3-4463-8B52-A94BC1834946}.Release|Any CPU.ActiveCfg = Release|Any CPU
		{A8AEB1C9-BAC3-4463-8B52-A94BC1834946}.Release|Any CPU.Build.0 = Release|Any CPU
	EndGlobalSection
	GlobalSection(SolutionProperties) = preSolution
		HideSolutionNode = FALSE
	EndGlobalSection
	GlobalSection(ExtensibilityGlobals) = postSolution
		SolutionGuid = {107CE5A6-1EFC-4A5B-978C-D2679488C0F2}
	EndGlobalSection
EndGlobal
